// !$*UTF8*$!
{
	archiveVersion = 1;
	classes = {
	};
	objectVersion = 56;
	objects = {

/* Begin PBXBuildFile section */
		3B9A84932B15B07F001E3FC3 /* TwittaApp.swift in Sources */ = {isa = PBXBuildFile; fileRef = 3B9A84922B15B07F001E3FC3 /* TwittaApp.swift */; };
		3B9A84952B15B07F001E3FC3 /* ContentView.swift in Sources */ = {isa = PBXBuildFile; fileRef = 3B9A84942B15B07F001E3FC3 /* ContentView.swift */; };
		3B9A84972B15B07F001E3FC3 /* Assets.xcassets in Resources */ = {isa = PBXBuildFile; fileRef = 3B9A84962B15B07F001E3FC3 /* Assets.xcassets */; };
		3B9A849A2B15B07F001E3FC3 /* Preview Assets.xcassets in Resources */ = {isa = PBXBuildFile; fileRef = 3B9A84992B15B07F001E3FC3 /* Preview Assets.xcassets */; };
		3B9A84A12B15B0AC001E3FC3 /* Tweet.swift in Sources */ = {isa = PBXBuildFile; fileRef = 3B9A84A02B15B0AC001E3FC3 /* Tweet.swift */; };
		3BF6EF1F2B16615D006E83E5 /* TweetView.swift in Sources */ = {isa = PBXBuildFile; fileRef = 3BF6EF1E2B16615D006E83E5 /* TweetView.swift */; };
		3BF6EF212B166ECD006E83E5 /* SearchView.swift in Sources */ = {isa = PBXBuildFile; fileRef = 3BF6EF202B166ECD006E83E5 /* SearchView.swift */; };
		3BF6EF232B166FE4006E83E5 /* FeedView.swift in Sources */ = {isa = PBXBuildFile; fileRef = 3BF6EF222B166FE4006E83E5 /* FeedView.swift */; };
		3BF6EF252B169AD7006E83E5 /* NotificationsView.swift in Sources */ = {isa = PBXBuildFile; fileRef = 3BF6EF242B169AD7006E83E5 /* NotificationsView.swift */; };
		3BF6EF272B169B8D006E83E5 /* DMView.swift in Sources */ = {isa = PBXBuildFile; fileRef = 3BF6EF262B169B8D006E83E5 /* DMView.swift */; };
		3BF6EF2A2B16A640006E83E5 /* AddTweetView.swift in Sources */ = {isa = PBXBuildFile; fileRef = 3BF6EF292B16A640006E83E5 /* AddTweetView.swift */; };
		3BF6EF2C2B16CD52006E83E5 /* NotificationView.swift in Sources */ = {isa = PBXBuildFile; fileRef = 3BF6EF2B2B16CD52006E83E5 /* NotificationView.swift */; };
		3BF6EF2E2B16DB1D006E83E5 /* SettingsView.swift in Sources */ = {isa = PBXBuildFile; fileRef = 3BF6EF2D2B16DB1D006E83E5 /* SettingsView.swift */; };
/* End PBXBuildFile section */

/* Begin PBXFileReference section */
		3B9A848F2B15B07F001E3FC3 /* Twitta.app */ = {isa = PBXFileReference; explicitFileType = wrapper.application; includeInIndex = 0; path = Twitta.app; sourceTree = BUILT_PRODUCTS_DIR; };
		3B9A84922B15B07F001E3FC3 /* TwittaApp.swift */ = {isa = PBXFileReference; lastKnownFileType = sourcecode.swift; path = TwittaApp.swift; sourceTree = "<group>"; };
		3B9A84942B15B07F001E3FC3 /* ContentView.swift */ = {isa = PBXFileReference; lastKnownFileType = sourcecode.swift; path = ContentView.swift; sourceTree = "<group>"; };
		3B9A84962B15B07F001E3FC3 /* Assets.xcassets */ = {isa = PBXFileReference; lastKnownFileType = folder.assetcatalog; path = Assets.xcassets; sourceTree = "<group>"; };
		3B9A84992B15B07F001E3FC3 /* Preview Assets.xcassets */ = {isa = PBXFileReference; lastKnownFileType = folder.assetcatalog; path = "Preview Assets.xcassets"; sourceTree = "<group>"; };
		3B9A84A02B15B0AC001E3FC3 /* Tweet.swift */ = {isa = PBXFileReference; lastKnownFileType = sourcecode.swift; path = Tweet.swift; sourceTree = "<group>"; };
		3BF6EF1E2B16615D006E83E5 /* TweetView.swift */ = {isa = PBXFileReference; lastKnownFileType = sourcecode.swift; path = TweetView.swift; sourceTree = "<group>"; };
		3BF6EF202B166ECD006E83E5 /* SearchView.swift */ = {isa = PBXFileReference; lastKnownFileType = sourcecode.swift; path = SearchView.swift; sourceTree = "<group>"; };
		3BF6EF222B166FE4006E83E5 /* FeedView.swift */ = {isa = PBXFileReference; lastKnownFileType = sourcecode.swift; path = FeedView.swift; sourceTree = "<group>"; };
		3BF6EF242B169AD7006E83E5 /* NotificationsView.swift */ = {isa = PBXFileReference; lastKnownFileType = sourcecode.swift; path = NotificationsView.swift; sourceTree = "<group>"; };
		3BF6EF262B169B8D006E83E5 /* DMView.swift */ = {isa = PBXFileReference; lastKnownFileType = sourcecode.swift; path = DMView.swift; sourceTree = "<group>"; };
		3BF6EF292B16A640006E83E5 /* AddTweetView.swift */ = {isa = PBXFileReference; lastKnownFileType = sourcecode.swift; path = AddTweetView.swift; sourceTree = "<group>"; };
		3BF6EF2B2B16CD52006E83E5 /* NotificationView.swift */ = {isa = PBXFileReference; lastKnownFileType = sourcecode.swift; path = NotificationView.swift; sourceTree = "<group>"; };
		3BF6EF2D2B16DB1D006E83E5 /* SettingsView.swift */ = {isa = PBXFileReference; lastKnownFileType = sourcecode.swift; path = SettingsView.swift; sourceTree = "<group>"; };
/* End PBXFileReference section */

/* Begin PBXFrameworksBuildPhase section */
		3B9A848C2B15B07F001E3FC3 /* Frameworks */ = {
			isa = PBXFrameworksBuildPhase;
			buildActionMask = 2147483647;
			files = (
			);
			runOnlyForDeploymentPostprocessing = 0;
		};
/* End PBXFrameworksBuildPhase section */

/* Begin PBXGroup section */
		3B9A84862B15B07F001E3FC3 = {
			isa = PBXGroup;
			children = (
				3B9A84912B15B07F001E3FC3 /* Twitta */,
				3B9A84902B15B07F001E3FC3 /* Products */,
			);
			sourceTree = "<group>";
		};
		3B9A84902B15B07F001E3FC3 /* Products */ = {
			isa = PBXGroup;
			children = (
				3B9A848F2B15B07F001E3FC3 /* Twitta.app */,
			);
			name = Products;
			sourceTree = "<group>";
		};
		3B9A84912B15B07F001E3FC3 /* Twitta */ = {
			isa = PBXGroup;
			children = (
				3BF6EF282B16A5D4006E83E5 /* Views */,
				3B9A84922B15B07F001E3FC3 /* TwittaApp.swift */,
				3B9A84A02B15B0AC001E3FC3 /* Tweet.swift */,
				3B9A84962B15B07F001E3FC3 /* Assets.xcassets */,
				3B9A84982B15B07F001E3FC3 /* Preview Content */,
			);
			path = Twitta;
			sourceTree = "<group>";
		};
		3B9A84982B15B07F001E3FC3 /* Preview Content */ = {
			isa = PBXGroup;
			children = (
				3B9A84992B15B07F001E3FC3 /* Preview Assets.xcassets */,
			);
			path = "Preview Content";
			sourceTree = "<group>";
		};
		3BF6EF282B16A5D4006E83E5 /* Views */ = {
			isa = PBXGroup;
			children = (
				3BF6EF1E2B16615D006E83E5 /* TweetView.swift */,
				3BF6EF222B166FE4006E83E5 /* FeedView.swift */,
				3BF6EF242B169AD7006E83E5 /* NotificationsView.swift */,
				3BF6EF202B166ECD006E83E5 /* SearchView.swift */,
				3BF6EF262B169B8D006E83E5 /* DMView.swift */,
				3B9A84942B15B07F001E3FC3 /* ContentView.swift */,
				3BF6EF292B16A640006E83E5 /* AddTweetView.swift */,
				3BF6EF2B2B16CD52006E83E5 /* NotificationView.swift */,
				3BF6EF2D2B16DB1D006E83E5 /* SettingsView.swift */,
			);
			path = Views;
			sourceTree = "<group>";
		};
/* End PBXGroup section */

/* Begin PBXNativeTarget section */
		3B9A848E2B15B07F001E3FC3 /* Twitta */ = {
			isa = PBXNativeTarget;
			buildConfigurationList = 3B9A849D2B15B07F001E3FC3 /* Build configuration list for PBXNativeTarget "Twitta" */;
			buildPhases = (
				3B9A848B2B15B07F001E3FC3 /* Sources */,
				3B9A848C2B15B07F001E3FC3 /* Frameworks */,
				3B9A848D2B15B07F001E3FC3 /* Resources */,
			);
			buildRules = (
			);
			dependencies = (
			);
			name = Twitta;
			productName = Twitta;
			productReference = 3B9A848F2B15B07F001E3FC3 /* Twitta.app */;
			productType = "com.apple.product-type.application";
		};
/* End PBXNativeTarget section */

/* Begin PBXProject section */
		3B9A84872B15B07F001E3FC3 /* Project object */ = {
			isa = PBXProject;
			attributes = {
				BuildIndependentTargetsInParallel = 1;
				LastSwiftUpdateCheck = 1500;
				LastUpgradeCheck = 1500;
				TargetAttributes = {
					3B9A848E2B15B07F001E3FC3 = {
						CreatedOnToolsVersion = 15.0.1;
					};
				};
			};
			buildConfigurationList = 3B9A848A2B15B07F001E3FC3 /* Build configuration list for PBXProject "Twitta" */;
			compatibilityVersion = "Xcode 14.0";
			developmentRegion = en;
			hasScannedForEncodings = 0;
			knownRegions = (
				en,
				Base,
			);
			mainGroup = 3B9A84862B15B07F001E3FC3;
			productRefGroup = 3B9A84902B15B07F001E3FC3 /* Products */;
			projectDirPath = "";
			projectRoot = "";
			targets = (
				3B9A848E2B15B07F001E3FC3 /* Twitta */,
			);
		};
/* End PBXProject section */

/* Begin PBXResourcesBuildPhase section */
		3B9A848D2B15B07F001E3FC3 /* Resources */ = {
			isa = PBXResourcesBuildPhase;
			buildActionMask = 2147483647;
			files = (
				3B9A849A2B15B07F001E3FC3 /* Preview Assets.xcassets in Resources */,
				3B9A84972B15B07F001E3FC3 /* Assets.xcassets in Resources */,
			);
			runOnlyForDeploymentPostprocessing = 0;
		};
/* End PBXResourcesBuildPhase section */

/* Begin PBXSourcesBuildPhase section */
		3B9A848B2B15B07F001E3FC3 /* Sources */ = {
			isa = PBXSourcesBuildPhase;
			buildActionMask = 2147483647;
			files = (
				3BF6EF212B166ECD006E83E5 /* SearchView.swift in Sources */,
				3BF6EF2A2B16A640006E83E5 /* AddTweetView.swift in Sources */,
				3B9A84A12B15B0AC001E3FC3 /* Tweet.swift in Sources */,
				3B9A84952B15B07F001E3FC3 /* ContentView.swift in Sources */,
				3BF6EF272B169B8D006E83E5 /* DMView.swift in Sources */,
				3BF6EF1F2B16615D006E83E5 /* TweetView.swift in Sources */,
				3BF6EF232B166FE4006E83E5 /* FeedView.swift in Sources */,
				3B9A84932B15B07F001E3FC3 /* TwittaApp.swift in Sources */,
				3BF6EF252B169AD7006E83E5 /* NotificationsView.swift in Sources */,
				3BF6EF2C2B16CD52006E83E5 /* NotificationView.swift in Sources */,
				3BF6EF2E2B16DB1D006E83E5 /* SettingsView.swift in Sources */,
			);
			runOnlyForDeploymentPostprocessing = 0;
		};
/* End PBXSourcesBuildPhase section */

/* Begin XCBuildConfiguration section */
		3B9A849B2B15B07F001E3FC3 /* Debug */ = {
			isa = XCBuildConfiguration;
			buildSettings = {
				ALWAYS_SEARCH_USER_PATHS = NO;
				ASSETCATALOG_COMPILER_GENERATE_SWIFT_ASSET_SYMBOL_EXTENSIONS = YES;
				CLANG_ANALYZER_NONNULL = YES;
				CLANG_ANALYZER_NUMBER_OBJECT_CONVERSION = YES_AGGRESSIVE;
				CLANG_CXX_LANGUAGE_STANDARD = "gnu++20";
				CLANG_ENABLE_MODULES = YES;
				CLANG_ENABLE_OBJC_ARC = YES;
				CLANG_ENABLE_OBJC_WEAK = YES;
				CLANG_WARN_BLOCK_CAPTURE_AUTORELEASING = YES;
				CLANG_WARN_BOOL_CONVERSION = YES;
				CLANG_WARN_COMMA = YES;
				CLANG_WARN_CONSTANT_CONVERSION = YES;
				CLANG_WARN_DEPRECATED_OBJC_IMPLEMENTATIONS = YES;
				CLANG_WARN_DIRECT_OBJC_ISA_USAGE = YES_ERROR;
				CLANG_WARN_DOCUMENTATION_COMMENTS = YES;
				CLANG_WARN_EMPTY_BODY = YES;
				CLANG_WARN_ENUM_CONVERSION = YES;
				CLANG_WARN_INFINITE_RECURSION = YES;
				CLANG_WARN_INT_CONVERSION = YES;
				CLANG_WARN_NON_LITERAL_NULL_CONVERSION = YES;
				CLANG_WARN_OBJC_IMPLICIT_RETAIN_SELF = YES;
				CLANG_WARN_OBJC_LITERAL_CONVERSION = YES;
				CLANG_WARN_OBJC_ROOT_CLASS = YES_ERROR;
				CLANG_WARN_QUOTED_INCLUDE_IN_FRAMEWORK_HEADER = YES;
				CLANG_WARN_RANGE_LOOP_ANALYSIS = YES;
				CLANG_WARN_STRICT_PROTOTYPES = YES;
				CLANG_WARN_SUSPICIOUS_MOVE = YES;
				CLANG_WARN_UNGUARDED_AVAILABILITY = YES_AGGRESSIVE;
				CLANG_WARN_UNREACHABLE_CODE = YES;
				CLANG_WARN__DUPLICATE_METHOD_MATCH = YES;
				COPY_PHASE_STRIP = NO;
				DEBUG_INFORMATION_FORMAT = dwarf;
				ENABLE_STRICT_OBJC_MSGSEND = YES;
				ENABLE_TESTABILITY = YES;
				ENABLE_USER_SCRIPT_SANDBOXING = YES;
				GCC_C_LANGUAGE_STANDARD = gnu17;
				GCC_DYNAMIC_NO_PIC = NO;
				GCC_NO_COMMON_BLOCKS = YES;
				GCC_OPTIMIZATION_LEVEL = 0;
				GCC_PREPROCESSOR_DEFINITIONS = (
					"DEBUG=1",
					"$(inherited)",
				);
				GCC_WARN_64_TO_32_BIT_CONVERSION = YES;
				GCC_WARN_ABOUT_RETURN_TYPE = YES_ERROR;
				GCC_WARN_UNDECLARED_SELECTOR = YES;
				GCC_WARN_UNINITIALIZED_AUTOS = YES_AGGRESSIVE;
				GCC_WARN_UNUSED_FUNCTION = YES;
				GCC_WARN_UNUSED_VARIABLE = YES;
				IPHONEOS_DEPLOYMENT_TARGET = 17.0;
				LOCALIZATION_PREFERS_STRING_CATALOGS = YES;
				MTL_ENABLE_DEBUG_INFO = INCLUDE_SOURCE;
				MTL_FAST_MATH = YES;
				ONLY_ACTIVE_ARCH = YES;
				SDKROOT = iphoneos;
				SWIFT_ACTIVE_COMPILATION_CONDITIONS = "DEBUG $(inherited)";
				SWIFT_OPTIMIZATION_LEVEL = "-Onone";
			};
			name = Debug;
		};
		3B9A849C2B15B07F001E3FC3 /* Release */ = {
			isa = XCBuildConfiguration;
			buildSettings = {
				ALWAYS_SEARCH_USER_PATHS = NO;
				ASSETCATALOG_COMPILER_GENERATE_SWIFT_ASSET_SYMBOL_EXTENSIONS = YES;
				CLANG_ANALYZER_NONNULL = YES;
				CLANG_ANALYZER_NUMBER_OBJECT_CONVERSION = YES_AGGRESSIVE;
				CLANG_CXX_LANGUAGE_STANDARD = "gnu++20";
				CLANG_ENABLE_MODULES = YES;
				CLANG_ENABLE_OBJC_ARC = YES;
				CLANG_ENABLE_OBJC_WEAK = YES;
				CLANG_WARN_BLOCK_CAPTURE_AUTORELEASING = YES;
				CLANG_WARN_BOOL_CONVERSION = YES;
				CLANG_WARN_COMMA = YES;
				CLANG_WARN_CONSTANT_CONVERSION = YES;
				CLANG_WARN_DEPRECATED_OBJC_IMPLEMENTATIONS = YES;
				CLANG_WARN_DIRECT_OBJC_ISA_USAGE = YES_ERROR;
				CLANG_WARN_DOCUMENTATION_COMMENTS = YES;
				CLANG_WARN_EMPTY_BODY = YES;
				CLANG_WARN_ENUM_CONVERSION = YES;
				CLANG_WARN_INFINITE_RECURSION = YES;
				CLANG_WARN_INT_CONVERSION = YES;
				CLANG_WARN_NON_LITERAL_NULL_CONVERSION = YES;
				CLANG_WARN_OBJC_IMPLICIT_RETAIN_SELF = YES;
				CLANG_WARN_OBJC_LITERAL_CONVERSION = YES;
				CLANG_WARN_OBJC_ROOT_CLASS = YES_ERROR;
				CLANG_WARN_QUOTED_INCLUDE_IN_FRAMEWORK_HEADER = YES;
				CLANG_WARN_RANGE_LOOP_ANALYSIS = YES;
				CLANG_WARN_STRICT_PROTOTYPES = YES;
				CLANG_WARN_SUSPICIOUS_MOVE = YES;
				CLANG_WARN_UNGUARDED_AVAILABILITY = YES_AGGRESSIVE;
				CLANG_WARN_UNREACHABLE_CODE = YES;
				CLANG_WARN__DUPLICATE_METHOD_MATCH = YES;
				COPY_PHASE_STRIP = NO;
				DEBUG_INFORMATION_FORMAT = "dwarf-with-dsym";
				ENABLE_NS_ASSERTIONS = NO;
				ENABLE_STRICT_OBJC_MSGSEND = YES;
				ENABLE_USER_SCRIPT_SANDBOXING = YES;
				GCC_C_LANGUAGE_STANDARD = gnu17;
				GCC_NO_COMMON_BLOCKS = YES;
				GCC_WARN_64_TO_32_BIT_CONVERSION = YES;
				GCC_WARN_ABOUT_RETURN_TYPE = YES_ERROR;
				GCC_WARN_UNDECLARED_SELECTOR = YES;
				GCC_WARN_UNINITIALIZED_AUTOS = YES_AGGRESSIVE;
				GCC_WARN_UNUSED_FUNCTION = YES;
				GCC_WARN_UNUSED_VARIABLE = YES;
				IPHONEOS_DEPLOYMENT_TARGET = 17.0;
				LOCALIZATION_PREFERS_STRING_CATALOGS = YES;
				MTL_ENABLE_DEBUG_INFO = NO;
				MTL_FAST_MATH = YES;
				SDKROOT = iphoneos;
				SWIFT_COMPILATION_MODE = wholemodule;
				VALIDATE_PRODUCT = YES;
			};
			name = Release;
		};
		3B9A849E2B15B07F001E3FC3 /* Debug */ = {
			isa = XCBuildConfiguration;
			buildSettings = {
				ASSETCATALOG_COMPILER_APPICON_NAME = AppIcon;
				ASSETCATALOG_COMPILER_GLOBAL_ACCENT_COLOR_NAME = AccentColor;
				CODE_SIGN_STYLE = Automatic;
				CURRENT_PROJECT_VERSION = 1;
				DEVELOPMENT_ASSET_PATHS = "\"Twitta/Preview Content\"";
				ENABLE_PREVIEWS = YES;
				GENERATE_INFOPLIST_FILE = YES;
				INFOPLIST_KEY_UIApplicationSceneManifest_Generation = YES;
				INFOPLIST_KEY_UIApplicationSupportsIndirectInputEvents = YES;
				INFOPLIST_KEY_UILaunchScreen_Generation = YES;
				INFOPLIST_KEY_UISupportedInterfaceOrientations_iPad = "UIInterfaceOrientationPortrait UIInterfaceOrientationPortraitUpsideDown UIInterfaceOrientationLandscapeLeft UIInterfaceOrientationLandscapeRight";
				INFOPLIST_KEY_UISupportedInterfaceOrientations_iPhone = "UIInterfaceOrientationPortrait UIInterfaceOrientationLandscapeLeft UIInterfaceOrientationLandscapeRight";
				LD_RUNPATH_SEARCH_PATHS = (
					"$(inherited)",
					"@executable_path/Frameworks",
				);
				MARKETING_VERSION = 1.0;
				PRODUCT_BUNDLE_IDENTIFIER = mkdrabik.Twitta;
				PRODUCT_NAME = "$(TARGET_NAME)";
				SWIFT_EMIT_LOC_STRINGS = YES;
				SWIFT_VERSION = 5.0;
				TARGETED_DEVICE_FAMILY = "1,2";
			};
			name = Debug;
		};
		3B9A849F2B15B07F001E3FC3 /* Release */ = {
			isa = XCBuildConfiguration;
			buildSettings = {
				ASSETCATALOG_COMPILER_APPICON_NAME = AppIcon;
				ASSETCATALOG_COMPILER_GLOBAL_ACCENT_COLOR_NAME = AccentColor;
				CODE_SIGN_STYLE = Automatic;
				CURRENT_PROJECT_VERSION = 1;
				DEVELOPMENT_ASSET_PATHS = "\"Twitta/Preview Content\"";
				ENABLE_PREVIEWS = YES;
				GENERATE_INFOPLIST_FILE = YES;
				INFOPLIST_KEY_UIApplicationSceneManifest_Generation = YES;
				INFOPLIST_KEY_UIApplicationSupportsIndirectInputEvents = YES;
				INFOPLIST_KEY_UILaunchScreen_Generation = YES;
				INFOPLIST_KEY_UISupportedInterfaceOrientations_iPad = "UIInterfaceOrientationPortrait UIInterfaceOrientationPortraitUpsideDown UIInterfaceOrientationLandscapeLeft UIInterfaceOrientationLandscapeRight";
				INFOPLIST_KEY_UISupportedInterfaceOrientations_iPhone = "UIInterfaceOrientationPortrait UIInterfaceOrientationLandscapeLeft UIInterfaceOrientationLandscapeRight";
				LD_RUNPATH_SEARCH_PATHS = (
					"$(inherited)",
					"@executable_path/Frameworks",
				);
				MARKETING_VERSION = 1.0;
				PRODUCT_BUNDLE_IDENTIFIER = mkdrabik.Twitta;
				PRODUCT_NAME = "$(TARGET_NAME)";
				SWIFT_EMIT_LOC_STRINGS = YES;
				SWIFT_VERSION = 5.0;
				TARGETED_DEVICE_FAMILY = "1,2";
			};
			name = Release;
		};
/* End XCBuildConfiguration section */

/* Begin XCConfigurationList section */
		3B9A848A2B15B07F001E3FC3 /* Build configuration list for PBXProject "Twitta" */ = {
			isa = XCConfigurationList;
			buildConfigurations = (
				3B9A849B2B15B07F001E3FC3 /* Debug */,
				3B9A849C2B15B07F001E3FC3 /* Release */,
			);
			defaultConfigurationIsVisible = 0;
			defaultConfigurationName = Release;
		};
		3B9A849D2B15B07F001E3FC3 /* Build configuration list for PBXNativeTarget "Twitta" */ = {
			isa = XCConfigurationList;
			buildConfigurations = (
				3B9A849E2B15B07F001E3FC3 /* Debug */,
				3B9A849F2B15B07F001E3FC3 /* Release */,
			);
			defaultConfigurationIsVisible = 0;
			defaultConfigurationName = Release;
		};
/* End XCConfigurationList section */
	};
	rootObject = 3B9A84872B15B07F001E3FC3 /* Project object */;
}
